// !$*UTF8*$!
{
	archiveVersion = 1;
	classes = {
	};
	objectVersion = 55;
	objects = {

/* Begin PBXBuildFile section */
		5598F9E4296FF5F40084251F /* FavoriteButton.swift in Sources */ = {isa = PBXBuildFile; fileRef = 5598F9E3296FF5F40084251F /* FavoriteButton.swift */; };
		55CEB287296FA85500CB785D /* SwiftUILearningFromAppleApp.swift in Sources */ = {isa = PBXBuildFile; fileRef = 55CEB286296FA85500CB785D /* SwiftUILearningFromAppleApp.swift */; };
		55CEB289296FA85500CB785D /* ContentView.swift in Sources */ = {isa = PBXBuildFile; fileRef = 55CEB288296FA85500CB785D /* ContentView.swift */; };
		55CEB28B296FA85600CB785D /* Assets.xcassets in Resources */ = {isa = PBXBuildFile; fileRef = 55CEB28A296FA85600CB785D /* Assets.xcassets */; };
		55CEB28E296FA85600CB785D /* Preview Assets.xcassets in Resources */ = {isa = PBXBuildFile; fileRef = 55CEB28D296FA85600CB785D /* Preview Assets.xcassets */; };
		55CEB295296FA98B00CB785D /* CircleImage.swift in Sources */ = {isa = PBXBuildFile; fileRef = 55CEB294296FA98B00CB785D /* CircleImage.swift */; };
		55CEB297296FAD7400CB785D /* MapView.swift in Sources */ = {isa = PBXBuildFile; fileRef = 55CEB296296FAD7400CB785D /* MapView.swift */; };
		55CEB299296FBFA100CB785D /* LandMark.swift in Sources */ = {isa = PBXBuildFile; fileRef = 55CEB298296FBFA100CB785D /* LandMark.swift */; };
		55CEB29B296FC10700CB785D /* ModelData.swift in Sources */ = {isa = PBXBuildFile; fileRef = 55CEB29A296FC10700CB785D /* ModelData.swift */; };
		55CEB2A1296FC2AD00CB785D /* landmarkData.json in Resources */ = {isa = PBXBuildFile; fileRef = 55CEB2A0296FC2AD00CB785D /* landmarkData.json */; };
		55CEB2A3296FC2E100CB785D /* LandmarkRow.swift in Sources */ = {isa = PBXBuildFile; fileRef = 55CEB2A2296FC2E100CB785D /* LandmarkRow.swift */; };
		55CEB2A5296FC86500CB785D /* LandmarkList.swift in Sources */ = {isa = PBXBuildFile; fileRef = 55CEB2A4296FC86500CB785D /* LandmarkList.swift */; };
		55CEB2A7296FDB3400CB785D /* LandmarkDetail.swift in Sources */ = {isa = PBXBuildFile; fileRef = 55CEB2A6296FDB3400CB785D /* LandmarkDetail.swift */; };
/* End PBXBuildFile section */

/* Begin PBXFileReference section */
		5598F9E3296FF5F40084251F /* FavoriteButton.swift */ = {isa = PBXFileReference; lastKnownFileType = sourcecode.swift; path = FavoriteButton.swift; sourceTree = "<group>"; };
		55CEB283296FA85500CB785D /* SwiftUILearningFromApple.app */ = {isa = PBXFileReference; explicitFileType = wrapper.application; includeInIndex = 0; path = SwiftUILearningFromApple.app; sourceTree = BUILT_PRODUCTS_DIR; };
		55CEB286296FA85500CB785D /* SwiftUILearningFromAppleApp.swift */ = {isa = PBXFileReference; lastKnownFileType = sourcecode.swift; path = SwiftUILearningFromAppleApp.swift; sourceTree = "<group>"; };
		55CEB288296FA85500CB785D /* ContentView.swift */ = {isa = PBXFileReference; lastKnownFileType = sourcecode.swift; path = ContentView.swift; sourceTree = "<group>"; };
		55CEB28A296FA85600CB785D /* Assets.xcassets */ = {isa = PBXFileReference; lastKnownFileType = folder.assetcatalog; path = Assets.xcassets; sourceTree = "<group>"; };
		55CEB28D296FA85600CB785D /* Preview Assets.xcassets */ = {isa = PBXFileReference; lastKnownFileType = folder.assetcatalog; path = "Preview Assets.xcassets"; sourceTree = "<group>"; };
		55CEB294296FA98B00CB785D /* CircleImage.swift */ = {isa = PBXFileReference; lastKnownFileType = sourcecode.swift; path = CircleImage.swift; sourceTree = "<group>"; };
		55CEB296296FAD7400CB785D /* MapView.swift */ = {isa = PBXFileReference; lastKnownFileType = sourcecode.swift; path = MapView.swift; sourceTree = "<group>"; };
		55CEB298296FBFA100CB785D /* LandMark.swift */ = {isa = PBXFileReference; lastKnownFileType = sourcecode.swift; path = LandMark.swift; sourceTree = "<group>"; };
		55CEB29A296FC10700CB785D /* ModelData.swift */ = {isa = PBXFileReference; lastKnownFileType = sourcecode.swift; path = ModelData.swift; sourceTree = "<group>"; };
		55CEB2A0296FC2AD00CB785D /* landmarkData.json */ = {isa = PBXFileReference; fileEncoding = 4; lastKnownFileType = text.json; path = landmarkData.json; sourceTree = "<group>"; };
		55CEB2A2296FC2E100CB785D /* LandmarkRow.swift */ = {isa = PBXFileReference; lastKnownFileType = sourcecode.swift; path = LandmarkRow.swift; sourceTree = "<group>"; };
		55CEB2A4296FC86500CB785D /* LandmarkList.swift */ = {isa = PBXFileReference; lastKnownFileType = sourcecode.swift; path = LandmarkList.swift; sourceTree = "<group>"; };
		55CEB2A6296FDB3400CB785D /* LandmarkDetail.swift */ = {isa = PBXFileReference; lastKnownFileType = sourcecode.swift; path = LandmarkDetail.swift; sourceTree = "<group>"; };
/* End PBXFileReference section */

/* Begin PBXFrameworksBuildPhase section */
		55CEB280296FA85500CB785D /* Frameworks */ = {
			isa = PBXFrameworksBuildPhase;
			buildActionMask = 2147483647;
			files = (
			);
			runOnlyForDeploymentPostprocessing = 0;
		};
/* End PBXFrameworksBuildPhase section */

/* Begin PBXGroup section */
		5598F9E5296FF83F0084251F /* Landmarks */ = {
			isa = PBXGroup;
			children = (
				55CEB2A2296FC2E100CB785D /* LandmarkRow.swift */,
				55CEB2A4296FC86500CB785D /* LandmarkList.swift */,
				55CEB2A6296FDB3400CB785D /* LandmarkDetail.swift */,
			);
			path = Landmarks;
			sourceTree = "<group>";
		};
		5598F9E6296FF9DF0084251F /* Views */ = {
			isa = PBXGroup;
			children = (
				55CEB288296FA85500CB785D /* ContentView.swift */,
				55CEB29D296FC24B00CB785D /* Helpers */,
				5598F9E5296FF83F0084251F /* Landmarks */,
			);
			path = Views;
			sourceTree = "<group>";
		};
		55CEB27A296FA85500CB785D = {
			isa = PBXGroup;
			children = (
				55CEB285296FA85500CB785D /* SwiftUILearningFromApple */,
				55CEB284296FA85500CB785D /* Products */,
			);
			sourceTree = "<group>";
		};
		55CEB284296FA85500CB785D /* Products */ = {
			isa = PBXGroup;
			children = (
				55CEB283296FA85500CB785D /* SwiftUILearningFromApple.app */,
			);
			name = Products;
			sourceTree = "<group>";
		};
		55CEB285296FA85500CB785D /* SwiftUILearningFromApple */ = {
			isa = PBXGroup;
			children = (
				55CEB286296FA85500CB785D /* SwiftUILearningFromAppleApp.swift */,
				5598F9E6296FF9DF0084251F /* Views */,
				55CEB29F296FC26E00CB785D /* Resources */,
				55CEB29E296FC26200CB785D /* Model */,
				55CEB28A296FA85600CB785D /* Assets.xcassets */,
				55CEB28C296FA85600CB785D /* Preview Content */,
			);
			path = SwiftUILearningFromApple;
			sourceTree = "<group>";
		};
		55CEB28C296FA85600CB785D /* Preview Content */ = {
			isa = PBXGroup;
			children = (
				55CEB28D296FA85600CB785D /* Preview Assets.xcassets */,
			);
			path = "Preview Content";
			sourceTree = "<group>";
		};
		55CEB29D296FC24B00CB785D /* Helpers */ = {
			isa = PBXGroup;
			children = (
				55CEB294296FA98B00CB785D /* CircleImage.swift */,
				55CEB296296FAD7400CB785D /* MapView.swift */,
				5598F9E3296FF5F40084251F /* FavoriteButton.swift */,
			);
			path = Helpers;
			sourceTree = "<group>";
		};
		55CEB29E296FC26200CB785D /* Model */ = {
			isa = PBXGroup;
			children = (
				55CEB29A296FC10700CB785D /* ModelData.swift */,
				55CEB298296FBFA100CB785D /* LandMark.swift */,
			);
			path = Model;
			sourceTree = "<group>";
		};
		55CEB29F296FC26E00CB785D /* Resources */ = {
			isa = PBXGroup;
			children = (
				55CEB2A0296FC2AD00CB785D /* landmarkData.json */,
			);
			path = Resources;
			sourceTree = "<group>";
		};
/* End PBXGroup section */

/* Begin PBXNativeTarget section */
		55CEB282296FA85500CB785D /* SwiftUILearningFromApple */ = {
			isa = PBXNativeTarget;
			buildConfigurationList = 55CEB291296FA85600CB785D /* Build configuration list for PBXNativeTarget "SwiftUILearningFromApple" */;
			buildPhases = (
				55CEB27F296FA85500CB785D /* Sources */,
				55CEB280296FA85500CB785D /* Frameworks */,
				55CEB281296FA85500CB785D /* Resources */,
			);
			buildRules = (
			);
			dependencies = (
			);
			name = SwiftUILearningFromApple;
			productName = SwiftUILearningFromApple;
			productReference = 55CEB283296FA85500CB785D /* SwiftUILearningFromApple.app */;
			productType = "com.apple.product-type.application";
		};
/* End PBXNativeTarget section */

/* Begin PBXProject section */
		55CEB27B296FA85500CB785D /* Project object */ = {
			isa = PBXProject;
			attributes = {
				BuildIndependentTargetsInParallel = 1;
				LastSwiftUpdateCheck = 1320;
				LastUpgradeCheck = 1320;
				TargetAttributes = {
					55CEB282296FA85500CB785D = {
						CreatedOnToolsVersion = 13.2.1;
					};
				};
			};
			buildConfigurationList = 55CEB27E296FA85500CB785D /* Build configuration list for PBXProject "SwiftUILearningFromApple" */;
			compatibilityVersion = "Xcode 13.0";
			developmentRegion = en;
			hasScannedForEncodings = 0;
			knownRegions = (
				en,
				Base,
			);
			mainGroup = 55CEB27A296FA85500CB785D;
			productRefGroup = 55CEB284296FA85500CB785D /* Products */;
			projectDirPath = "";
			projectRoot = "";
			targets = (
				55CEB282296FA85500CB785D /* SwiftUILearningFromApple */,
			);
		};
/* End PBXProject section */

/* Begin PBXResourcesBuildPhase section */
		55CEB281296FA85500CB785D /* Resources */ = {
			isa = PBXResourcesBuildPhase;
			buildActionMask = 2147483647;
			files = (
				55CEB28E296FA85600CB785D /* Preview Assets.xcassets in Resources */,
				55CEB28B296FA85600CB785D /* Assets.xcassets in Resources */,
				55CEB2A1296FC2AD00CB785D /* landmarkData.json in Resources */,
			);
			runOnlyForDeploymentPostprocessing = 0;
		};
/* End PBXResourcesBuildPhase section */

/* Begin PBXSourcesBuildPhase section */
		55CEB27F296FA85500CB785D /* Sources */ = {
			isa = PBXSourcesBuildPhase;
			buildActionMask = 2147483647;
			files = (
				55CEB289296FA85500CB785D /* ContentView.swift in Sources */,
				55CEB299296FBFA100CB785D /* LandMark.swift in Sources */,
				55CEB297296FAD7400CB785D /* MapView.swift in Sources */,
				5598F9E4296FF5F40084251F /* FavoriteButton.swift in Sources */,
				55CEB2A5296FC86500CB785D /* LandmarkList.swift in Sources */,
				55CEB2A7296FDB3400CB785D /* LandmarkDetail.swift in Sources */,
				55CEB29B296FC10700CB785D /* ModelData.swift in Sources */,
				55CEB287296FA85500CB785D /* SwiftUILearningFromAppleApp.swift in Sources */,
				55CEB2A3296FC2E100CB785D /* LandmarkRow.swift in Sources */,
				55CEB295296FA98B00CB785D /* CircleImage.swift in Sources */,
			);
			runOnlyForDeploymentPostprocessing = 0;
		};
/* End PBXSourcesBuildPhase section */

/* Begin XCBuildConfiguration section */
		55CEB28F296FA85600CB785D /* Debug */ = {
			isa = XCBuildConfiguration;
			buildSettings = {
				ALWAYS_SEARCH_USER_PATHS = NO;
				CLANG_ANALYZER_NONNULL = YES;
				CLANG_ANALYZER_NUMBER_OBJECT_CONVERSION = YES_AGGRESSIVE;
				CLANG_CXX_LANGUAGE_STANDARD = "gnu++17";
				CLANG_CXX_LIBRARY = "libc++";
				CLANG_ENABLE_MODULES = YES;
				CLANG_ENABLE_OBJC_ARC = YES;
				CLANG_ENABLE_OBJC_WEAK = YES;
				CLANG_WARN_BLOCK_CAPTURE_AUTORELEASING = YES;
				CLANG_WARN_BOOL_CONVERSION = YES;
				CLANG_WARN_COMMA = YES;
				CLANG_WARN_CONSTANT_CONVERSION = YES;
				CLANG_WARN_DEPRECATED_OBJC_IMPLEMENTATIONS = YES;
				CLANG_WARN_DIRECT_OBJC_ISA_USAGE = YES_ERROR;
				CLANG_WARN_DOCUMENTATION_COMMENTS = YES;
				CLANG_WARN_EMPTY_BODY = YES;
				CLANG_WARN_ENUM_CONVERSION = YES;
				CLANG_WARN_INFINITE_RECURSION = YES;
				CLANG_WARN_INT_CONVERSION = YES;
				CLANG_WARN_NON_LITERAL_NULL_CONVERSION = YES;
				CLANG_WARN_OBJC_IMPLICIT_RETAIN_SELF = YES;
				CLANG_WARN_OBJC_LITERAL_CONVERSION = YES;
				CLANG_WARN_OBJC_ROOT_CLASS = YES_ERROR;
				CLANG_WARN_QUOTED_INCLUDE_IN_FRAMEWORK_HEADER = YES;
				CLANG_WARN_RANGE_LOOP_ANALYSIS = YES;
				CLANG_WARN_STRICT_PROTOTYPES = YES;
				CLANG_WARN_SUSPICIOUS_MOVE = YES;
				CLANG_WARN_UNGUARDED_AVAILABILITY = YES_AGGRESSIVE;
				CLANG_WARN_UNREACHABLE_CODE = YES;
				CLANG_WARN__DUPLICATE_METHOD_MATCH = YES;
				COPY_PHASE_STRIP = NO;
				DEBUG_INFORMATION_FORMAT = dwarf;
				ENABLE_STRICT_OBJC_MSGSEND = YES;
				ENABLE_TESTABILITY = YES;
				GCC_C_LANGUAGE_STANDARD = gnu11;
				GCC_DYNAMIC_NO_PIC = NO;
				GCC_NO_COMMON_BLOCKS = YES;
				GCC_OPTIMIZATION_LEVEL = 0;
				GCC_PREPROCESSOR_DEFINITIONS = (
					"DEBUG=1",
					"$(inherited)",
				);
				GCC_WARN_64_TO_32_BIT_CONVERSION = YES;
				GCC_WARN_ABOUT_RETURN_TYPE = YES_ERROR;
				GCC_WARN_UNDECLARED_SELECTOR = YES;
				GCC_WARN_UNINITIALIZED_AUTOS = YES_AGGRESSIVE;
				GCC_WARN_UNUSED_FUNCTION = YES;
				GCC_WARN_UNUSED_VARIABLE = YES;
				IPHONEOS_DEPLOYMENT_TARGET = 15.2;
				MTL_ENABLE_DEBUG_INFO = INCLUDE_SOURCE;
				MTL_FAST_MATH = YES;
				ONLY_ACTIVE_ARCH = YES;
				SDKROOT = iphoneos;
				SWIFT_ACTIVE_COMPILATION_CONDITIONS = DEBUG;
				SWIFT_OPTIMIZATION_LEVEL = "-Onone";
			};
			name = Debug;
		};
		55CEB290296FA85600CB785D /* Release */ = {
			isa = XCBuildConfiguration;
			buildSettings = {
				ALWAYS_SEARCH_USER_PATHS = NO;
				CLANG_ANALYZER_NONNULL = YES;
				CLANG_ANALYZER_NUMBER_OBJECT_CONVERSION = YES_AGGRESSIVE;
				CLANG_CXX_LANGUAGE_STANDARD = "gnu++17";
				CLANG_CXX_LIBRARY = "libc++";
				CLANG_ENABLE_MODULES = YES;
				CLANG_ENABLE_OBJC_ARC = YES;
				CLANG_ENABLE_OBJC_WEAK = YES;
				CLANG_WARN_BLOCK_CAPTURE_AUTORELEASING = YES;
				CLANG_WARN_BOOL_CONVERSION = YES;
				CLANG_WARN_COMMA = YES;
				CLANG_WARN_CONSTANT_CONVERSION = YES;
				CLANG_WARN_DEPRECATED_OBJC_IMPLEMENTATIONS = YES;
				CLANG_WARN_DIRECT_OBJC_ISA_USAGE = YES_ERROR;
				CLANG_WARN_DOCUMENTATION_COMMENTS = YES;
				CLANG_WARN_EMPTY_BODY = YES;
				CLANG_WARN_ENUM_CONVERSION = YES;
				CLANG_WARN_INFINITE_RECURSION = YES;
				CLANG_WARN_INT_CONVERSION = YES;
				CLANG_WARN_NON_LITERAL_NULL_CONVERSION = YES;
				CLANG_WARN_OBJC_IMPLICIT_RETAIN_SELF = YES;
				CLANG_WARN_OBJC_LITERAL_CONVERSION = YES;
				CLANG_WARN_OBJC_ROOT_CLASS = YES_ERROR;
				CLANG_WARN_QUOTED_INCLUDE_IN_FRAMEWORK_HEADER = YES;
				CLANG_WARN_RANGE_LOOP_ANALYSIS = YES;
				CLANG_WARN_STRICT_PROTOTYPES = YES;
				CLANG_WARN_SUSPICIOUS_MOVE = YES;
				CLANG_WARN_UNGUARDED_AVAILABILITY = YES_AGGRESSIVE;
				CLANG_WARN_UNREACHABLE_CODE = YES;
				CLANG_WARN__DUPLICATE_METHOD_MATCH = YES;
				COPY_PHASE_STRIP = NO;
				DEBUG_INFORMATION_FORMAT = "dwarf-with-dsym";
				ENABLE_NS_ASSERTIONS = NO;
				ENABLE_STRICT_OBJC_MSGSEND = YES;
				GCC_C_LANGUAGE_STANDARD = gnu11;
				GCC_NO_COMMON_BLOCKS = YES;
				GCC_WARN_64_TO_32_BIT_CONVERSION = YES;
				GCC_WARN_ABOUT_RETURN_TYPE = YES_ERROR;
				GCC_WARN_UNDECLARED_SELECTOR = YES;
				GCC_WARN_UNINITIALIZED_AUTOS = YES_AGGRESSIVE;
				GCC_WARN_UNUSED_FUNCTION = YES;
				GCC_WARN_UNUSED_VARIABLE = YES;
				IPHONEOS_DEPLOYMENT_TARGET = 15.2;
				MTL_ENABLE_DEBUG_INFO = NO;
				MTL_FAST_MATH = YES;
				SDKROOT = iphoneos;
				SWIFT_COMPILATION_MODE = wholemodule;
				SWIFT_OPTIMIZATION_LEVEL = "-O";
				VALIDATE_PRODUCT = YES;
			};
			name = Release;
		};
		55CEB292296FA85600CB785D /* Debug */ = {
			isa = XCBuildConfiguration;
			buildSettings = {
				ASSETCATALOG_COMPILER_APPICON_NAME = AppIcon;
				ASSETCATALOG_COMPILER_GLOBAL_ACCENT_COLOR_NAME = AccentColor;
				CODE_SIGN_STYLE = Automatic;
				CURRENT_PROJECT_VERSION = 1;
				DEVELOPMENT_ASSET_PATHS = "\"SwiftUILearningFromApple/Preview Content\"";
				DEVELOPMENT_TEAM = DGRT236A5B;
				ENABLE_PREVIEWS = YES;
				GENERATE_INFOPLIST_FILE = YES;
				INFOPLIST_KEY_UIApplicationSceneManifest_Generation = YES;
				INFOPLIST_KEY_UIApplicationSupportsIndirectInputEvents = YES;
				INFOPLIST_KEY_UILaunchScreen_Generation = YES;
				INFOPLIST_KEY_UISupportedInterfaceOrientations_iPad = "UIInterfaceOrientationPortrait UIInterfaceOrientationPortraitUpsideDown UIInterfaceOrientationLandscapeLeft UIInterfaceOrientationLandscapeRight";
				INFOPLIST_KEY_UISupportedInterfaceOrientations_iPhone = "UIInterfaceOrientationPortrait UIInterfaceOrientationLandscapeLeft UIInterfaceOrientationLandscapeRight";
				LD_RUNPATH_SEARCH_PATHS = (
					"$(inherited)",
					"@executable_path/Frameworks",
				);
				MARKETING_VERSION = 1.0;
				PRODUCT_BUNDLE_IDENTIFIER = Test.SwiftUILearningFromApple;
				PRODUCT_NAME = "$(TARGET_NAME)";
				SWIFT_EMIT_LOC_STRINGS = YES;
				SWIFT_VERSION = 5.0;
				TARGETED_DEVICE_FAMILY = "1,2";
			};
			name = Debug;
		};
		55CEB293296FA85600CB785D /* Release */ = {
			isa = XCBuildConfiguration;
			buildSettings = {
				ASSETCATALOG_COMPILER_APPICON_NAME = AppIcon;
				ASSETCATALOG_COMPILER_GLOBAL_ACCENT_COLOR_NAME = AccentColor;
				CODE_SIGN_STYLE = Automatic;
				CURRENT_PROJECT_VERSION = 1;
				DEVELOPMENT_ASSET_PATHS = "\"SwiftUILearningFromApple/Preview Content\"";
				DEVELOPMENT_TEAM = DGRT236A5B;
				ENABLE_PREVIEWS = YES;
				GENERATE_INFOPLIST_FILE = YES;
				INFOPLIST_KEY_UIApplicationSceneManifest_Generation = YES;
				INFOPLIST_KEY_UIApplicationSupportsIndirectInputEvents = YES;
				INFOPLIST_KEY_UILaunchScreen_Generation = YES;
				INFOPLIST_KEY_UISupportedInterfaceOrientations_iPad = "UIInterfaceOrientationPortrait UIInterfaceOrientationPortraitUpsideDown UIInterfaceOrientationLandscapeLeft UIInterfaceOrientationLandscapeRight";
				INFOPLIST_KEY_UISupportedInterfaceOrientations_iPhone = "UIInterfaceOrientationPortrait UIInterfaceOrientationLandscapeLeft UIInterfaceOrientationLandscapeRight";
				LD_RUNPATH_SEARCH_PATHS = (
					"$(inherited)",
					"@executable_path/Frameworks",
				);
				MARKETING_VERSION = 1.0;
				PRODUCT_BUNDLE_IDENTIFIER = Test.SwiftUILearningFromApple;
				PRODUCT_NAME = "$(TARGET_NAME)";
				SWIFT_EMIT_LOC_STRINGS = YES;
				SWIFT_VERSION = 5.0;
				TARGETED_DEVICE_FAMILY = "1,2";
			};
			name = Release;
		};
/* End XCBuildConfiguration section */

/* Begin XCConfigurationList section */
		55CEB27E296FA85500CB785D /* Build configuration list for PBXProject "SwiftUILearningFromApple" */ = {
			isa = XCConfigurationList;
			buildConfigurations = (
				55CEB28F296FA85600CB785D /* Debug */,
				55CEB290296FA85600CB785D /* Release */,
			);
			defaultConfigurationIsVisible = 0;
			defaultConfigurationName = Release;
		};
		55CEB291296FA85600CB785D /* Build configuration list for PBXNativeTarget "SwiftUILearningFromApple" */ = {
			isa = XCConfigurationList;
			buildConfigurations = (
				55CEB292296FA85600CB785D /* Debug */,
				55CEB293296FA85600CB785D /* Release */,
			);
			defaultConfigurationIsVisible = 0;
			defaultConfigurationName = Release;
		};
/* End XCConfigurationList section */
	};
	rootObject = 55CEB27B296FA85500CB785D /* Project object */;
}
